
Microsoft Visual Studio Solution File, Format Version 12.00
# Visual Studio 14
VisualStudioVersion = 14.0.25420.1
MinimumVisualStudioVersion = 10.0.40219.1
Project("{FAE04EC0-301F-11D3-BF4B-00C04F79EFBC}") = "CustomListClassProject", "CustomListClassProject\CustomListClassProject.csproj", "{6FC722FA-D790-4A9E-BAC1-8CE94454386E}"
EndProject
Project("{FAE04EC0-301F-11D3-BF4B-00C04F79EFBC}") = "CustomListClassProjectUnitTest", "CustomListClassProjectUnitTest\CustomListClassProjectUnitTest.csproj", "{ACDD1794-80DB-4E3A-A79E-9F5E5D406C4F}"
EndProject
Global
	GlobalSection(SolutionConfigurationPlatforms) = preSolution
		Debug|Any CPU = Debug|Any CPU
		Release|Any CPU = Release|Any CPU
	EndGlobalSection
	GlobalSection(ProjectConfigurationPlatforms) = postSolution
		{6FC722FA-D790-4A9E-BAC1-8CE94454386E}.Debug|Any CPU.ActiveCfg = Debug|Any CPU
		{6FC722FA-D790-4A9E-BAC1-8CE94454386E}.Debug|Any CPU.Build.0 = Debug|Any CPU
		{6FC722FA-D790-4A9E-BAC1-8CE94454386E}.Release|Any CPU.ActiveCfg = Release|Any CPU
		{6FC722FA-D790-4A9E-BAC1-8CE94454386E}.Release|Any CPU.Build.0 = Release|Any CPU
		{ACDD1794-80DB-4E3A-A79E-9F5E5D406C4F}.Debug|Any CPU.ActiveCfg = Debug|Any CPU
		{ACDD1794-80DB-4E3A-A79E-9F5E5D406C4F}.Debug|Any CPU.Build.0 = Debug|Any CPU
		{ACDD1794-80DB-4E3A-A79E-9F5E5D406C4F}.Release|Any CPU.ActiveCfg = Release|Any CPU
		{ACDD1794-80DB-4E3A-A79E-9F5E5D406C4F}.Release|Any CPU.Build.0 = Release|Any CPU
	EndGlobalSection
	GlobalSection(SolutionProperties) = preSolution
		HideSolutionNode = FALSE
	EndGlobalSection
EndGlobal
